
Microsoft Visual Studio Solution File, Format Version 12.00
# Visual Studio Version 17
VisualStudioVersion = 17.0.32014.148
MinimumVisualStudioVersion = 10.0.40219.1
Project("{8BC9CEB8-8B4A-11D0-8D11-00A0C91BC942}") = "lab1-5", "lab1-5\lab1-5.vcxproj", "{D8AD318D-455C-4CA6-9296-3001FCE6D3C5}"
EndProject
Global
	GlobalSection(SolutionConfigurationPlatforms) = preSolution
		Debug|x64 = Debug|x64
		Debug|x86 = Debug|x86
		Release|x64 = Release|x64
		Release|x86 = Release|x86
	EndGlobalSection
	GlobalSection(ProjectConfigurationPlatforms) = postSolution
		{D8AD318D-455C-4CA6-9296-3001FCE6D3C5}.Debug|x64.ActiveCfg = Debug|x64
		{D8AD318D-455C-4CA6-9296-3001FCE6D3C5}.Debug|x64.Build.0 = Debug|x64
		{D8AD318D-455C-4CA6-9296-3001FCE6D3C5}.Debug|x86.ActiveCfg = Debug|Win32
		{D8AD318D-455C-4CA6-9296-3001FCE6D3C5}.Debug|x86.Build.0 = Debug|Win32
		{D8AD318D-455C-4CA6-9296-3001FCE6D3C5}.Release|x64.ActiveCfg = Release|x64
		{D8AD318D-455C-4CA6-9296-3001FCE6D3C5}.Release|x64.Build.0 = Release|x64
		{D8AD318D-455C-4CA6-9296-3001FCE6D3C5}.Release|x86.ActiveCfg = Release|Win32
		{D8AD318D-455C-4CA6-9296-3001FCE6D3C5}.Release|x86.Build.0 = Release|Win32
	EndGlobalSection
	GlobalSection(SolutionProperties) = preSolution
		HideSolutionNode = FALSE
	EndGlobalSection
	GlobalSection(ExtensibilityGlobals) = postSolution
		SolutionGuid = {5A4B5748-C2EC-48E4-A26F-E349075FBC40}
	EndGlobalSection
EndGlobal
